
Microsoft Visual Studio Solution File, Format Version 12.00
# Visual Studio Version 16
VisualStudioVersion = 16.0.30907.101
MinimumVisualStudioVersion = 10.0.40219.1
Project("{9A19103F-16F7-4668-BE54-9A1E7A4F7556}") = "PaymentAPI", "PaymentAPI\PaymentAPI.csproj", "{8E8F9BD8-1B76-4CEC-84FE-8657DCA90AFA}"
EndProject
Project("{E53339B2-1760-4266-BCC7-CA923CBCF16C}") = "docker-compose", "docker-compose.dcproj", "{1CD6CDCD-CBC3-4967-9832-0A5FFE4F2C11}"
EndProject
Global
	GlobalSection(SolutionConfigurationPlatforms) = preSolution
		Debug|Any CPU = Debug|Any CPU
		Release|Any CPU = Release|Any CPU
	EndGlobalSection
	GlobalSection(ProjectConfigurationPlatforms) = postSolution
		{8E8F9BD8-1B76-4CEC-84FE-8657DCA90AFA}.Debug|Any CPU.ActiveCfg = Debug|Any CPU
		{8E8F9BD8-1B76-4CEC-84FE-8657DCA90AFA}.Debug|Any CPU.Build.0 = Debug|Any CPU
		{8E8F9BD8-1B76-4CEC-84FE-8657DCA90AFA}.Release|Any CPU.ActiveCfg = Release|Any CPU
		{8E8F9BD8-1B76-4CEC-84FE-8657DCA90AFA}.Release|Any CPU.Build.0 = Release|Any CPU
		{1CD6CDCD-CBC3-4967-9832-0A5FFE4F2C11}.Debug|Any CPU.ActiveCfg = Debug|Any CPU
		{1CD6CDCD-CBC3-4967-9832-0A5FFE4F2C11}.Debug|Any CPU.Build.0 = Debug|Any CPU
		{1CD6CDCD-CBC3-4967-9832-0A5FFE4F2C11}.Release|Any CPU.ActiveCfg = Release|Any CPU
		{1CD6CDCD-CBC3-4967-9832-0A5FFE4F2C11}.Release|Any CPU.Build.0 = Release|Any CPU
	EndGlobalSection
	GlobalSection(SolutionProperties) = preSolution
		HideSolutionNode = FALSE
	EndGlobalSection
	GlobalSection(ExtensibilityGlobals) = postSolution
		SolutionGuid = {896AAF94-1342-432D-829B-2A28916A38B5}
	EndGlobalSection
EndGlobal
